// !$*UTF8*$!
{
	archiveVersion = 1;
	classes = {
	};
	objectVersion = 77;
	objects = {

/* Begin PBXBuildFile section */
		8BF5EEEE2CFB307300A62EFA /* AppAuth.framework in Frameworks */ = {isa = PBXBuildFile; fileRef = 8BF5EEED2CFB307300A62EFA /* AppAuth.framework */; };
		A4BF908B6A1D6DB642049034 /* Pods_falfal.framework in Frameworks */ = {isa = PBXBuildFile; fileRef = D82DCBB0473E3C714AF12485 /* Pods_falfal.framework */; };
/* End PBXBuildFile section */

/* Begin PBXContainerItemProxy section */
		8B0754C12CF9CD1300CDB39F /* PBXContainerItemProxy */ = {
			isa = PBXContainerItemProxy;
			containerPortal = 8B0754A82CF9CD1100CDB39F /* Project object */;
			proxyType = 1;
			remoteGlobalIDString = 8B0754AF2CF9CD1100CDB39F;
			remoteInfo = falfal;
		};
		8B0754CB2CF9CD1300CDB39F /* PBXContainerItemProxy */ = {
			isa = PBXContainerItemProxy;
			containerPortal = 8B0754A82CF9CD1100CDB39F /* Project object */;
			proxyType = 1;
			remoteGlobalIDString = 8B0754AF2CF9CD1100CDB39F;
			remoteInfo = falfal;
		};
/* End PBXContainerItemProxy section */

/* Begin PBXCopyFilesBuildPhase section */
		8BF5EEF02CFB307300A62EFA /* Embed Frameworks */ = {
			isa = PBXCopyFilesBuildPhase;
			buildActionMask = 12;
			dstPath = "";
			dstSubfolderSpec = 10;
			files = (
			);
			name = "Embed Frameworks";
			runOnlyForDeploymentPostprocessing = 0;
		};
/* End PBXCopyFilesBuildPhase section */

/* Begin PBXFileReference section */
		1A27291CD5611DE605A0FCB5 /* Pods-falfal.debug.xcconfig */ = {isa = PBXFileReference; includeInIndex = 1; lastKnownFileType = text.xcconfig; name = "Pods-falfal.debug.xcconfig"; path = "Target Support Files/Pods-falfal/Pods-falfal.debug.xcconfig"; sourceTree = "<group>"; };
		312E675D5E203153DF194DFB /* Pods-falfal.release.xcconfig */ = {isa = PBXFileReference; includeInIndex = 1; lastKnownFileType = text.xcconfig; name = "Pods-falfal.release.xcconfig"; path = "Target Support Files/Pods-falfal/Pods-falfal.release.xcconfig"; sourceTree = "<group>"; };
		8B0754B02CF9CD1100CDB39F /* falfal.app */ = {isa = PBXFileReference; explicitFileType = wrapper.application; includeInIndex = 0; path = falfal.app; sourceTree = BUILT_PRODUCTS_DIR; };
		8B0754C02CF9CD1300CDB39F /* falfalTests.xctest */ = {isa = PBXFileReference; explicitFileType = wrapper.cfbundle; includeInIndex = 0; path = falfalTests.xctest; sourceTree = BUILT_PRODUCTS_DIR; };
		8B0754CA2CF9CD1300CDB39F /* falfalUITests.xctest */ = {isa = PBXFileReference; explicitFileType = wrapper.cfbundle; includeInIndex = 0; path = falfalUITests.xctest; sourceTree = BUILT_PRODUCTS_DIR; };
		8BF5EEED2CFB307300A62EFA /* AppAuth.framework */ = {isa = PBXFileReference; explicitFileType = wrapper.framework; path = AppAuth.framework; sourceTree = BUILT_PRODUCTS_DIR; };
		D82DCBB0473E3C714AF12485 /* Pods_falfal.framework */ = {isa = PBXFileReference; explicitFileType = wrapper.framework; includeInIndex = 0; path = Pods_falfal.framework; sourceTree = BUILT_PRODUCTS_DIR; };
/* End PBXFileReference section */

/* Begin PBXFileSystemSynchronizedBuildFileExceptionSet section */
		8B0755172CF9CED600CDB39F /* Exceptions for "falfal" folder in "falfal" target */ = {
			isa = PBXFileSystemSynchronizedBuildFileExceptionSet;
			membershipExceptions = (
				Info.plist,
			);
			target = 8B0754AF2CF9CD1100CDB39F /* falfal */;
		};
/* End PBXFileSystemSynchronizedBuildFileExceptionSet section */

/* Begin PBXFileSystemSynchronizedRootGroup section */
		8B0754B22CF9CD1100CDB39F /* falfal */ = {
			isa = PBXFileSystemSynchronizedRootGroup;
			exceptions = (
				8B0755172CF9CED600CDB39F /* Exceptions for "falfal" folder in "falfal" target */,
			);
			path = falfal;
			sourceTree = "<group>";
		};
		8B0754C32CF9CD1300CDB39F /* falfalTests */ = {
			isa = PBXFileSystemSynchronizedRootGroup;
			path = falfalTests;
			sourceTree = "<group>";
		};
		8B0754CD2CF9CD1300CDB39F /* falfalUITests */ = {
			isa = PBXFileSystemSynchronizedRootGroup;
			path = falfalUITests;
			sourceTree = "<group>";
		};
/* End PBXFileSystemSynchronizedRootGroup section */

/* Begin PBXFrameworksBuildPhase section */
		8B0754AD2CF9CD1100CDB39F /* Frameworks */ = {
			isa = PBXFrameworksBuildPhase;
			buildActionMask = 2147483647;
			files = (
				8BF5EEEE2CFB307300A62EFA /* AppAuth.framework in Frameworks */,
				A4BF908B6A1D6DB642049034 /* Pods_falfal.framework in Frameworks */,
			);
			runOnlyForDeploymentPostprocessing = 0;
		};
		8B0754BD2CF9CD1300CDB39F /* Frameworks */ = {
			isa = PBXFrameworksBuildPhase;
			buildActionMask = 2147483647;
			files = (
			);
			runOnlyForDeploymentPostprocessing = 0;
		};
		8B0754C72CF9CD1300CDB39F /* Frameworks */ = {
			isa = PBXFrameworksBuildPhase;
			buildActionMask = 2147483647;
			files = (
			);
			runOnlyForDeploymentPostprocessing = 0;
		};
/* End PBXFrameworksBuildPhase section */

/* Begin PBXGroup section */
		1BA730C89B2D029F0742159C /* Frameworks */ = {
			isa = PBXGroup;
			children = (
				8BF5EEED2CFB307300A62EFA /* AppAuth.framework */,
				D82DCBB0473E3C714AF12485 /* Pods_falfal.framework */,
			);
			name = Frameworks;
			sourceTree = "<group>";
		};
		6C174149141DAD214A8DECE7 /* Pods */ = {
			isa = PBXGroup;
			children = (
				1A27291CD5611DE605A0FCB5 /* Pods-falfal.debug.xcconfig */,
				312E675D5E203153DF194DFB /* Pods-falfal.release.xcconfig */,
			);
			path = Pods;
			sourceTree = "<group>";
		};
		8B0754A72CF9CD1100CDB39F = {
			isa = PBXGroup;
			children = (
				8B0754B22CF9CD1100CDB39F /* falfal */,
				8B0754C32CF9CD1300CDB39F /* falfalTests */,
				8B0754CD2CF9CD1300CDB39F /* falfalUITests */,
				8B0754B12CF9CD1100CDB39F /* Products */,
				6C174149141DAD214A8DECE7 /* Pods */,
				1BA730C89B2D029F0742159C /* Frameworks */,
			);
			sourceTree = "<group>";
		};
		8B0754B12CF9CD1100CDB39F /* Products */ = {
			isa = PBXGroup;
			children = (
				8B0754B02CF9CD1100CDB39F /* falfal.app */,
				8B0754C02CF9CD1300CDB39F /* falfalTests.xctest */,
				8B0754CA2CF9CD1300CDB39F /* falfalUITests.xctest */,
			);
			name = Products;
			sourceTree = "<group>";
		};
/* End PBXGroup section */

/* Begin PBXNativeTarget section */
		8B0754AF2CF9CD1100CDB39F /* falfal */ = {
			isa = PBXNativeTarget;
			buildConfigurationList = 8B0754D42CF9CD1300CDB39F /* Build configuration list for PBXNativeTarget "falfal" */;
			buildPhases = (
				2AEF483C37E14FCE5E287773 /* [CP] Check Pods Manifest.lock */,
				8B0754AC2CF9CD1100CDB39F /* Sources */,
				8B0754AD2CF9CD1100CDB39F /* Frameworks */,
				8B0754AE2CF9CD1100CDB39F /* Resources */,
				8BF5EEF02CFB307300A62EFA /* Embed Frameworks */,
				905C501B86EF4C924CD8347C /* [CP] Embed Pods Frameworks */,
				AE72A7503D54E992ACE642DA /* [CP] Copy Pods Resources */,
			);
			buildRules = (
			);
			dependencies = (
			);
			fileSystemSynchronizedGroups = (
				8B0754B22CF9CD1100CDB39F /* falfal */,
			);
			name = falfal;
			productName = falfal;
			productReference = 8B0754B02CF9CD1100CDB39F /* falfal.app */;
			productType = "com.apple.product-type.application";
		};
		8B0754BF2CF9CD1300CDB39F /* falfalTests */ = {
			isa = PBXNativeTarget;
			buildConfigurationList = 8B0754D72CF9CD1300CDB39F /* Build configuration list for PBXNativeTarget "falfalTests" */;
			buildPhases = (
				8B0754BC2CF9CD1300CDB39F /* Sources */,
				8B0754BD2CF9CD1300CDB39F /* Frameworks */,
				8B0754BE2CF9CD1300CDB39F /* Resources */,
			);
			buildRules = (
			);
			dependencies = (
				8B0754C22CF9CD1300CDB39F /* PBXTargetDependency */,
			);
			fileSystemSynchronizedGroups = (
				8B0754C32CF9CD1300CDB39F /* falfalTests */,
			);
			name = falfalTests;
			productName = falfalTests;
			productReference = 8B0754C02CF9CD1300CDB39F /* falfalTests.xctest */;
			productType = "com.apple.product-type.bundle.unit-test";
		};
		8B0754C92CF9CD1300CDB39F /* falfalUITests */ = {
			isa = PBXNativeTarget;
			buildConfigurationList = 8B0754DA2CF9CD1300CDB39F /* Build configuration list for PBXNativeTarget "falfalUITests" */;
			buildPhases = (
				8B0754C62CF9CD1300CDB39F /* Sources */,
				8B0754C72CF9CD1300CDB39F /* Frameworks */,
				8B0754C82CF9CD1300CDB39F /* Resources */,
			);
			buildRules = (
			);
			dependencies = (
				8B0754CC2CF9CD1300CDB39F /* PBXTargetDependency */,
			);
			fileSystemSynchronizedGroups = (
				8B0754CD2CF9CD1300CDB39F /* falfalUITests */,
			);
			name = falfalUITests;
			productName = falfalUITests;
			productReference = 8B0754CA2CF9CD1300CDB39F /* falfalUITests.xctest */;
			productType = "com.apple.product-type.bundle.ui-testing";
		};
/* End PBXNativeTarget section */

/* Begin PBXProject section */
		8B0754A82CF9CD1100CDB39F /* Project object */ = {
			isa = PBXProject;
			attributes = {
				BuildIndependentTargetsInParallel = 1;
				LastSwiftUpdateCheck = 1610;
				LastUpgradeCheck = 1610;
				TargetAttributes = {
					8B0754AF2CF9CD1100CDB39F = {
						CreatedOnToolsVersion = 16.1;
					};
					8B0754BF2CF9CD1300CDB39F = {
						CreatedOnToolsVersion = 16.1;
						TestTargetID = 8B0754AF2CF9CD1100CDB39F;
					};
					8B0754C92CF9CD1300CDB39F = {
						CreatedOnToolsVersion = 16.1;
						TestTargetID = 8B0754AF2CF9CD1100CDB39F;
					};
				};
			};
			buildConfigurationList = 8B0754AB2CF9CD1100CDB39F /* Build configuration list for PBXProject "falfal" */;
			developmentRegion = en;
			hasScannedForEncodings = 0;
			knownRegions = (
				en,
				Base,
			);
			mainGroup = 8B0754A72CF9CD1100CDB39F;
			minimizedProjectReferenceProxies = 1;
			packageReferences = (
				8B07551C2CFA284300CDB39F /* XCRemoteSwiftPackageReference "googleads-mobile-ios-examples" */,
				8B07551D2CFA293700CDB39F /* XCRemoteSwiftPackageReference "swift-package-manager-google-mobile-ads" */,
			);
			preferredProjectObjectVersion = 77;
			productRefGroup = 8B0754B12CF9CD1100CDB39F /* Products */;
			projectDirPath = "";
			projectRoot = "";
			targets = (
				8B0754AF2CF9CD1100CDB39F /* falfal */,
				8B0754BF2CF9CD1300CDB39F /* falfalTests */,
				8B0754C92CF9CD1300CDB39F /* falfalUITests */,
			);
		};
/* End PBXProject section */

/* Begin PBXResourcesBuildPhase section */
		8B0754AE2CF9CD1100CDB39F /* Resources */ = {
			isa = PBXResourcesBuildPhase;
			buildActionMask = 2147483647;
			files = (
			);
			runOnlyForDeploymentPostprocessing = 0;
		};
		8B0754BE2CF9CD1300CDB39F /* Resources */ = {
			isa = PBXResourcesBuildPhase;
			buildActionMask = 2147483647;
			files = (
			);
			runOnlyForDeploymentPostprocessing = 0;
		};
		8B0754C82CF9CD1300CDB39F /* Resources */ = {
			isa = PBXResourcesBuildPhase;
			buildActionMask = 2147483647;
			files = (
			);
			runOnlyForDeploymentPostprocessing = 0;
		};
/* End PBXResourcesBuildPhase section */

/* Begin PBXShellScriptBuildPhase section */
		2AEF483C37E14FCE5E287773 /* [CP] Check Pods Manifest.lock */ = {
			isa = PBXShellScriptBuildPhase;
			buildActionMask = 2147483647;
			files = (
			);
			inputFileListPaths = (
			);
			inputPaths = (
				"${PODS_PODFILE_DIR_PATH}/Podfile.lock",
				"${PODS_ROOT}/Manifest.lock",
			);
			name = "[CP] Check Pods Manifest.lock";
			outputFileListPaths = (
			);
			outputPaths = (
				"$(DERIVED_FILE_DIR)/Pods-falfal-checkManifestLockResult.txt",
			);
			runOnlyForDeploymentPostprocessing = 0;
			shellPath = /bin/sh;
			shellScript = "diff \"${PODS_PODFILE_DIR_PATH}/Podfile.lock\" \"${PODS_ROOT}/Manifest.lock\" > /dev/null\nif [ $? != 0 ] ; then\n    # print error to STDERR\n    echo \"error: The sandbox is not in sync with the Podfile.lock. Run 'pod install' or update your CocoaPods installation.\" >&2\n    exit 1\nfi\n# This output is used by Xcode 'outputs' to avoid re-running this script phase.\necho \"SUCCESS\" > \"${SCRIPT_OUTPUT_FILE_0}\"\n";
			showEnvVarsInLog = 0;
		};
		905C501B86EF4C924CD8347C /* [CP] Embed Pods Frameworks */ = {
			isa = PBXShellScriptBuildPhase;
			buildActionMask = 2147483647;
			files = (
			);
			inputFileListPaths = (
				"${PODS_ROOT}/Target Support Files/Pods-falfal/Pods-falfal-frameworks-${CONFIGURATION}-input-files.xcfilelist",
			);
			name = "[CP] Embed Pods Frameworks";
			outputFileListPaths = (
				"${PODS_ROOT}/Target Support Files/Pods-falfal/Pods-falfal-frameworks-${CONFIGURATION}-output-files.xcfilelist",
			);
			runOnlyForDeploymentPostprocessing = 0;
			shellPath = /bin/sh;
			shellScript = "\"${PODS_ROOT}/Target Support Files/Pods-falfal/Pods-falfal-frameworks.sh\"\n";
			showEnvVarsInLog = 0;
		};
		AE72A7503D54E992ACE642DA /* [CP] Copy Pods Resources */ = {
			isa = PBXShellScriptBuildPhase;
			buildActionMask = 2147483647;
			files = (
			);
			inputFileListPaths = (
				"${PODS_ROOT}/Target Support Files/Pods-falfal/Pods-falfal-resources-${CONFIGURATION}-input-files.xcfilelist",
			);
			name = "[CP] Copy Pods Resources";
			outputFileListPaths = (
				"${PODS_ROOT}/Target Support Files/Pods-falfal/Pods-falfal-resources-${CONFIGURATION}-output-files.xcfilelist",
			);
			runOnlyForDeploymentPostprocessing = 0;
			shellPath = /bin/sh;
			shellScript = "\"${PODS_ROOT}/Target Support Files/Pods-falfal/Pods-falfal-resources.sh\"\n";
			showEnvVarsInLog = 0;
		};
/* End PBXShellScriptBuildPhase section */

/* Begin PBXSourcesBuildPhase section */
		8B0754AC2CF9CD1100CDB39F /* Sources */ = {
			isa = PBXSourcesBuildPhase;
			buildActionMask = 2147483647;
			files = (
			);
			runOnlyForDeploymentPostprocessing = 0;
		};
		8B0754BC2CF9CD1300CDB39F /* Sources */ = {
			isa = PBXSourcesBuildPhase;
			buildActionMask = 2147483647;
			files = (
			);
			runOnlyForDeploymentPostprocessing = 0;
		};
		8B0754C62CF9CD1300CDB39F /* Sources */ = {
			isa = PBXSourcesBuildPhase;
			buildActionMask = 2147483647;
			files = (
			);
			runOnlyForDeploymentPostprocessing = 0;
		};
/* End PBXSourcesBuildPhase section */

/* Begin PBXTargetDependency section */
		8B0754C22CF9CD1300CDB39F /* PBXTargetDependency */ = {
			isa = PBXTargetDependency;
			target = 8B0754AF2CF9CD1100CDB39F /* falfal */;
			targetProxy = 8B0754C12CF9CD1300CDB39F /* PBXContainerItemProxy */;
		};
		8B0754CC2CF9CD1300CDB39F /* PBXTargetDependency */ = {
			isa = PBXTargetDependency;
			target = 8B0754AF2CF9CD1100CDB39F /* falfal */;
			targetProxy = 8B0754CB2CF9CD1300CDB39F /* PBXContainerItemProxy */;
		};
/* End PBXTargetDependency section */

/* Begin XCBuildConfiguration section */
		8B0754D22CF9CD1300CDB39F /* Debug */ = {
			isa = XCBuildConfiguration;
			buildSettings = {
				ALWAYS_SEARCH_USER_PATHS = NO;
				ASSETCATALOG_COMPILER_GENERATE_SWIFT_ASSET_SYMBOL_EXTENSIONS = YES;
				CLANG_ANALYZER_NONNULL = YES;
				CLANG_ANALYZER_NUMBER_OBJECT_CONVERSION = YES_AGGRESSIVE;
				CLANG_CXX_LANGUAGE_STANDARD = "gnu++20";
				CLANG_ENABLE_MODULES = YES;
				CLANG_ENABLE_OBJC_ARC = YES;
				CLANG_ENABLE_OBJC_WEAK = YES;
				CLANG_WARN_BLOCK_CAPTURE_AUTORELEASING = YES;
				CLANG_WARN_BOOL_CONVERSION = YES;
				CLANG_WARN_COMMA = YES;
				CLANG_WARN_CONSTANT_CONVERSION = YES;
				CLANG_WARN_DEPRECATED_OBJC_IMPLEMENTATIONS = YES;
				CLANG_WARN_DIRECT_OBJC_ISA_USAGE = YES_ERROR;
				CLANG_WARN_DOCUMENTATION_COMMENTS = YES;
				CLANG_WARN_EMPTY_BODY = YES;
				CLANG_WARN_ENUM_CONVERSION = YES;
				CLANG_WARN_INFINITE_RECURSION = YES;
				CLANG_WARN_INT_CONVERSION = YES;
				CLANG_WARN_NON_LITERAL_NULL_CONVERSION = YES;
				CLANG_WARN_OBJC_IMPLICIT_RETAIN_SELF = YES;
				CLANG_WARN_OBJC_LITERAL_CONVERSION = YES;
				CLANG_WARN_OBJC_ROOT_CLASS = YES_ERROR;
				CLANG_WARN_QUOTED_INCLUDE_IN_FRAMEWORK_HEADER = YES;
				CLANG_WARN_RANGE_LOOP_ANALYSIS = YES;
				CLANG_WARN_STRICT_PROTOTYPES = YES;
				CLANG_WARN_SUSPICIOUS_MOVE = YES;
				CLANG_WARN_UNGUARDED_AVAILABILITY = YES_AGGRESSIVE;
				CLANG_WARN_UNREACHABLE_CODE = YES;
				CLANG_WARN__DUPLICATE_METHOD_MATCH = YES;
				COPY_PHASE_STRIP = NO;
				DEBUG_INFORMATION_FORMAT = dwarf;
				ENABLE_STRICT_OBJC_MSGSEND = YES;
				ENABLE_TESTABILITY = YES;
				ENABLE_USER_SCRIPT_SANDBOXING = NO;
				GCC_C_LANGUAGE_STANDARD = gnu17;
				GCC_DYNAMIC_NO_PIC = NO;
				GCC_NO_COMMON_BLOCKS = YES;
				GCC_OPTIMIZATION_LEVEL = 0;
				GCC_PREPROCESSOR_DEFINITIONS = (
					"DEBUG=1",
					"$(inherited)",
				);
				GCC_WARN_64_TO_32_BIT_CONVERSION = YES;
				GCC_WARN_ABOUT_RETURN_TYPE = YES_ERROR;
				GCC_WARN_UNDECLARED_SELECTOR = YES;
				GCC_WARN_UNINITIALIZED_AUTOS = YES_AGGRESSIVE;
				GCC_WARN_UNUSED_FUNCTION = YES;
				GCC_WARN_UNUSED_VARIABLE = YES;
				IPHONEOS_DEPLOYMENT_TARGET = 18.1;
				LOCALIZATION_PREFERS_STRING_CATALOGS = YES;
				MTL_ENABLE_DEBUG_INFO = INCLUDE_SOURCE;
				MTL_FAST_MATH = YES;
				ONLY_ACTIVE_ARCH = YES;
				SDKROOT = iphoneos;
				SWIFT_ACTIVE_COMPILATION_CONDITIONS = "DEBUG $(inherited)";
				SWIFT_OPTIMIZATION_LEVEL = "-Onone";
			};
			name = Debug;
		};
		8B0754D32CF9CD1300CDB39F /* Release */ = {
			isa = XCBuildConfiguration;
			buildSettings = {
				ALWAYS_SEARCH_USER_PATHS = NO;
				ASSETCATALOG_COMPILER_GENERATE_SWIFT_ASSET_SYMBOL_EXTENSIONS = YES;
				CLANG_ANALYZER_NONNULL = YES;
				CLANG_ANALYZER_NUMBER_OBJECT_CONVERSION = YES_AGGRESSIVE;
				CLANG_CXX_LANGUAGE_STANDARD = "gnu++20";
				CLANG_ENABLE_MODULES = YES;
				CLANG_ENABLE_OBJC_ARC = YES;
				CLANG_ENABLE_OBJC_WEAK = YES;
				CLANG_WARN_BLOCK_CAPTURE_AUTORELEASING = YES;
				CLANG_WARN_BOOL_CONVERSION = YES;
				CLANG_WARN_COMMA = YES;
				CLANG_WARN_CONSTANT_CONVERSION = YES;
				CLANG_WARN_DEPRECATED_OBJC_IMPLEMENTATIONS = YES;
				CLANG_WARN_DIRECT_OBJC_ISA_USAGE = YES_ERROR;
				CLANG_WARN_DOCUMENTATION_COMMENTS = YES;
				CLANG_WARN_EMPTY_BODY = YES;
				CLANG_WARN_ENUM_CONVERSION = YES;
				CLANG_WARN_INFINITE_RECURSION = YES;
				CLANG_WARN_INT_CONVERSION = YES;
				CLANG_WARN_NON_LITERAL_NULL_CONVERSION = YES;
				CLANG_WARN_OBJC_IMPLICIT_RETAIN_SELF = YES;
				CLANG_WARN_OBJC_LITERAL_CONVERSION = YES;
				CLANG_WARN_OBJC_ROOT_CLASS = YES_ERROR;
				CLANG_WARN_QUOTED_INCLUDE_IN_FRAMEWORK_HEADER = YES;
				CLANG_WARN_RANGE_LOOP_ANALYSIS = YES;
				CLANG_WARN_STRICT_PROTOTYPES = YES;
				CLANG_WARN_SUSPICIOUS_MOVE = YES;
				CLANG_WARN_UNGUARDED_AVAILABILITY = YES_AGGRESSIVE;
				CLANG_WARN_UNREACHABLE_CODE = YES;
				CLANG_WARN__DUPLICATE_METHOD_MATCH = YES;
				COPY_PHASE_STRIP = NO;
				DEBUG_INFORMATION_FORMAT = "dwarf-with-dsym";
				ENABLE_NS_ASSERTIONS = NO;
				ENABLE_STRICT_OBJC_MSGSEND = YES;
				ENABLE_USER_SCRIPT_SANDBOXING = NO;
				GCC_C_LANGUAGE_STANDARD = gnu17;
				GCC_NO_COMMON_BLOCKS = YES;
				GCC_WARN_64_TO_32_BIT_CONVERSION = YES;
				GCC_WARN_ABOUT_RETURN_TYPE = YES_ERROR;
				GCC_WARN_UNDECLARED_SELECTOR = YES;
				GCC_WARN_UNINITIALIZED_AUTOS = YES_AGGRESSIVE;
				GCC_WARN_UNUSED_FUNCTION = YES;
				GCC_WARN_UNUSED_VARIABLE = YES;
				IPHONEOS_DEPLOYMENT_TARGET = 18.1;
				LOCALIZATION_PREFERS_STRING_CATALOGS = YES;
				MTL_ENABLE_DEBUG_INFO = NO;
				MTL_FAST_MATH = YES;
				SDKROOT = iphoneos;
				SWIFT_COMPILATION_MODE = wholemodule;
				VALIDATE_PRODUCT = YES;
			};
			name = Release;
		};
		8B0754D52CF9CD1300CDB39F /* Debug */ = {
			isa = XCBuildConfiguration;
			baseConfigurationReference = 1A27291CD5611DE605A0FCB5 /* Pods-falfal.debug.xcconfig */;
			buildSettings = {
				ASSETCATALOG_COMPILER_APPICON_NAME = AppIcon;
				ASSETCATALOG_COMPILER_GLOBAL_ACCENT_COLOR_NAME = AccentColor;
				ASSETCATALOG_COMPILER_INCLUDE_ALL_APPICON_ASSETS = NO;
				CODE_SIGN_ENTITLEMENTS = falfal/falfal.entitlements;
				CODE_SIGN_IDENTITY = "Apple Development";
				CODE_SIGN_STYLE = Automatic;
				CURRENT_PROJECT_VERSION = 1;
				DEVELOPMENT_ASSET_PATHS = "\"falfal/Preview Content\"";
				DEVELOPMENT_TEAM = JF8LK8FT56;
				ENABLE_PREVIEWS = YES;
				GENERATE_INFOPLIST_FILE = YES;
				INFOPLIST_FILE = falfal/Info.plist;
				INFOPLIST_KEY_CFBundleDisplayName = FalSal;
				INFOPLIST_KEY_LSApplicationCategoryType = "public.app-category.lifestyle";
				INFOPLIST_KEY_NSCameraUsageDescription = "Kameraya erişim gereklidir.";
				INFOPLIST_KEY_NSUserTrackingUsageDescription = "This identifier will be used to deliver personalized ads to you.";
				INFOPLIST_KEY_UIApplicationSceneManifest_Generation = YES;
				INFOPLIST_KEY_UIApplicationSupportsIndirectInputEvents = YES;
				INFOPLIST_KEY_UILaunchScreen_Generation = YES;
				INFOPLIST_KEY_UIRequiresFullScreen = YES;
				INFOPLIST_KEY_UIStatusBarStyle = "";
				INFOPLIST_KEY_UISupportedInterfaceOrientations = UIInterfaceOrientationPortrait;
				INFOPLIST_KEY_UISupportedInterfaceOrientations_iPad = "UIInterfaceOrientationPortrait UIInterfaceOrientationPortraitUpsideDown";
				IPHONEOS_DEPLOYMENT_TARGET = 16.6;
				LD_RUNPATH_SEARCH_PATHS = (
					"$(inherited)",
					"@executable_path/Frameworks",
				);
				MARKETING_VERSION = 1.0;
				PRODUCT_BUNDLE_IDENTIFIER = com.app.falfal;
				PRODUCT_NAME = "$(TARGET_NAME)";
				SWIFT_EMIT_LOC_STRINGS = YES;
				SWIFT_VERSION = 5.0;
				TARGETED_DEVICE_FAMILY = "1,2";
			};
			name = Debug;
		};
		8B0754D62CF9CD1300CDB39F /* Release */ = {
			isa = XCBuildConfiguration;
			baseConfigurationReference = 312E675D5E203153DF194DFB /* Pods-falfal.release.xcconfig */;
			buildSettings = {
				ASSETCATALOG_COMPILER_APPICON_NAME = AppIcon;
				ASSETCATALOG_COMPILER_GLOBAL_ACCENT_COLOR_NAME = AccentColor;
				ASSETCATALOG_COMPILER_INCLUDE_ALL_APPICON_ASSETS = NO;
				CODE_SIGN_ENTITLEMENTS = falfal/falfal.entitlements;
				CODE_SIGN_STYLE = Automatic;
				CURRENT_PROJECT_VERSION = 1;
				DEVELOPMENT_ASSET_PATHS = "\"falfal/Preview Content\"";
				DEVELOPMENT_TEAM = JF8LK8FT56;
				ENABLE_PREVIEWS = YES;
				GENERATE_INFOPLIST_FILE = YES;
				INFOPLIST_FILE = falfal/Info.plist;
				INFOPLIST_KEY_CFBundleDisplayName = FalSal;
				INFOPLIST_KEY_LSApplicationCategoryType = "public.app-category.lifestyle";
				INFOPLIST_KEY_NSCameraUsageDescription = "Kameraya erişim gereklidir.";
				INFOPLIST_KEY_NSUserTrackingUsageDescription = "This identifier will be used to deliver personalized ads to you.";
				INFOPLIST_KEY_UIApplicationSceneManifest_Generation = YES;
				INFOPLIST_KEY_UIApplicationSupportsIndirectInputEvents = YES;
				INFOPLIST_KEY_UILaunchScreen_Generation = YES;
				INFOPLIST_KEY_UIRequiresFullScreen = YES;
				INFOPLIST_KEY_UIStatusBarStyle = "";
				INFOPLIST_KEY_UISupportedInterfaceOrientations = UIInterfaceOrientationPortrait;
				INFOPLIST_KEY_UISupportedInterfaceOrientations_iPad = "UIInterfaceOrientationPortrait UIInterfaceOrientationPortraitUpsideDown";
				IPHONEOS_DEPLOYMENT_TARGET = 16.6;
				LD_RUNPATH_SEARCH_PATHS = (
					"$(inherited)",
					"@executable_path/Frameworks",
				);
				MARKETING_VERSION = 1.0;
				PRODUCT_BUNDLE_IDENTIFIER = com.app.falfal;
				PRODUCT_NAME = "$(TARGET_NAME)";
				SWIFT_EMIT_LOC_STRINGS = YES;
				SWIFT_VERSION = 5.0;
				TARGETED_DEVICE_FAMILY = "1,2";
			};
			name = Release;
		};
		8B0754D82CF9CD1300CDB39F /* Debug */ = {
			isa = XCBuildConfiguration;
			buildSettings = {
				BUNDLE_LOADER = "$(TEST_HOST)";
				CODE_SIGN_STYLE = Automatic;
				CURRENT_PROJECT_VERSION = 1;
				DEVELOPMENT_TEAM = JF8LK8FT56;
				GENERATE_INFOPLIST_FILE = YES;
				IPHONEOS_DEPLOYMENT_TARGET = 18.1;
				MARKETING_VERSION = 1.0;
				PRODUCT_BUNDLE_IDENTIFIER = com.app.falfalTests;
				PRODUCT_NAME = "$(TARGET_NAME)";
				SWIFT_EMIT_LOC_STRINGS = NO;
				SWIFT_VERSION = 5.0;
				TARGETED_DEVICE_FAMILY = "1,2";
				TEST_HOST = "$(BUILT_PRODUCTS_DIR)/falfal.app/$(BUNDLE_EXECUTABLE_FOLDER_PATH)/falfal";
			};
			name = Debug;
		};
		8B0754D92CF9CD1300CDB39F /* Release */ = {
			isa = XCBuildConfiguration;
			buildSettings = {
				BUNDLE_LOADER = "$(TEST_HOST)";
				CODE_SIGN_STYLE = Automatic;
				CURRENT_PROJECT_VERSION = 1;
				DEVELOPMENT_TEAM = JF8LK8FT56;
				GENERATE_INFOPLIST_FILE = YES;
				IPHONEOS_DEPLOYMENT_TARGET = 18.1;
				MARKETING_VERSION = 1.0;
				PRODUCT_BUNDLE_IDENTIFIER = com.app.falfalTests;
				PRODUCT_NAME = "$(TARGET_NAME)";
				SWIFT_EMIT_LOC_STRINGS = NO;
				SWIFT_VERSION = 5.0;
				TARGETED_DEVICE_FAMILY = "1,2";
				TEST_HOST = "$(BUILT_PRODUCTS_DIR)/falfal.app/$(BUNDLE_EXECUTABLE_FOLDER_PATH)/falfal";
			};
			name = Release;
		};
		8B0754DB2CF9CD1300CDB39F /* Debug */ = {
			isa = XCBuildConfiguration;
			buildSettings = {
				CODE_SIGN_STYLE = Automatic;
				CURRENT_PROJECT_VERSION = 1;
				DEVELOPMENT_TEAM = JF8LK8FT56;
				GENERATE_INFOPLIST_FILE = YES;
				MARKETING_VERSION = 1.0;
				PRODUCT_BUNDLE_IDENTIFIER = com.app.falfalUITests;
				PRODUCT_NAME = "$(TARGET_NAME)";
				SWIFT_EMIT_LOC_STRINGS = NO;
				SWIFT_VERSION = 5.0;
				TARGETED_DEVICE_FAMILY = "1,2";
				TEST_TARGET_NAME = falfal;
			};
			name = Debug;
		};
		8B0754DC2CF9CD1300CDB39F /* Release */ = {
			isa = XCBuildConfiguration;
			buildSettings = {
				CODE_SIGN_STYLE = Automatic;
				CURRENT_PROJECT_VERSION = 1;
				DEVELOPMENT_TEAM = JF8LK8FT56;
				GENERATE_INFOPLIST_FILE = YES;
				MARKETING_VERSION = 1.0;
				PRODUCT_BUNDLE_IDENTIFIER = com.app.falfalUITests;
				PRODUCT_NAME = "$(TARGET_NAME)";
				SWIFT_EMIT_LOC_STRINGS = NO;
				SWIFT_VERSION = 5.0;
				TARGETED_DEVICE_FAMILY = "1,2";
				TEST_TARGET_NAME = falfal;
			};
			name = Release;
		};
/* End XCBuildConfiguration section */

/* Begin XCConfigurationList section */
		8B0754AB2CF9CD1100CDB39F /* Build configuration list for PBXProject "falfal" */ = {
			isa = XCConfigurationList;
			buildConfigurations = (
				8B0754D22CF9CD1300CDB39F /* Debug */,
				8B0754D32CF9CD1300CDB39F /* Release */,
			);
			defaultConfigurationIsVisible = 0;
			defaultConfigurationName = Release;
		};
		8B0754D42CF9CD1300CDB39F /* Build configuration list for PBXNativeTarget "falfal" */ = {
			isa = XCConfigurationList;
			buildConfigurations = (
				8B0754D52CF9CD1300CDB39F /* Debug */,
				8B0754D62CF9CD1300CDB39F /* Release */,
			);
			defaultConfigurationIsVisible = 0;
			defaultConfigurationName = Release;
		};
		8B0754D72CF9CD1300CDB39F /* Build configuration list for PBXNativeTarget "falfalTests" */ = {
			isa = XCConfigurationList;
			buildConfigurations = (
				8B0754D82CF9CD1300CDB39F /* Debug */,
				8B0754D92CF9CD1300CDB39F /* Release */,
			);
			defaultConfigurationIsVisible = 0;
			defaultConfigurationName = Release;
		};
		8B0754DA2CF9CD1300CDB39F /* Build configuration list for PBXNativeTarget "falfalUITests" */ = {
			isa = XCConfigurationList;
			buildConfigurations = (
				8B0754DB2CF9CD1300CDB39F /* Debug */,
				8B0754DC2CF9CD1300CDB39F /* Release */,
			);
			defaultConfigurationIsVisible = 0;
			defaultConfigurationName = Release;
		};
/* End XCConfigurationList section */

/* Begin XCRemoteSwiftPackageReference section */
		8B07551C2CFA284300CDB39F /* XCRemoteSwiftPackageReference "googleads-mobile-ios-examples" */ = {
			isa = XCRemoteSwiftPackageReference;
			repositoryURL = "https://github.com/googleads/googleads-mobile-ios-examples";
			requirement = {
				kind = upToNextMajorVersion;
				minimumVersion = 7.22.0;
			};
		};
		8B07551D2CFA293700CDB39F /* XCRemoteSwiftPackageReference "swift-package-manager-google-mobile-ads" */ = {
			isa = XCRemoteSwiftPackageReference;
			repositoryURL = "https://github.com/googleads/swift-package-manager-google-mobile-ads";
			requirement = {
				kind = upToNextMajorVersion;
				minimumVersion = 11.12.0;
			};
		};
/* End XCRemoteSwiftPackageReference section */
	};
	rootObject = 8B0754A82CF9CD1100CDB39F /* Project object */;
}
